Microsoft Visual Studio Solution File, Format Version 11.00
# Visual Studio 2008

Project("{B15CA315-37DE-FD2D-3789-04B22F11B965}") = "BalloonGame", "Assembly-CSharp.csproj", "{A751487C-A7E3-5741-19A5-F49152927D32}"
EndProject
Global
	GlobalSection(SolutionConfigurationPlatforms) = preSolution
		Debug|Any CPU = Debug|Any CPU
		Release|Any CPU = Release|Any CPU
	EndGlobalSection
	GlobalSection(ProjectConfigurationPlatforms) = postSolution
		{A751487C-A7E3-5741-19A5-F49152927D32}.Debug|Any CPU.ActiveCfg = Debug|Any CPU
		{A751487C-A7E3-5741-19A5-F49152927D32}.Debug|Any CPU.Build.0 = Debug|Any CPU
		{A751487C-A7E3-5741-19A5-F49152927D32}.Release|Any CPU.ActiveCfg = Release|Any CPU
		{A751487C-A7E3-5741-19A5-F49152927D32}.Release|Any CPU.Build.0 = Release|Any CPU
	EndGlobalSection
	GlobalSection(SolutionProperties) = preSolution
		HideSolutionNode = FALSE
	EndGlobalSection
	GlobalSection(MonoDevelopProperties) = preSolution
		StartupItem = Assembly-CSharp.csproj
	EndGlobalSection
EndGlobal
